# Generated by pub
# See http://pub.dartlang.org/doc/glossary.html#lockfile
packages:
  analyzer:
    description: analyzer
    source: hosted
    version: "0.10.2"
  args:
    description: args
    source: hosted
    version: "0.9.0"
  bignum:
    description: bignum
    source: hosted
    version: "0.0.3"
  browser:
    description: browser
    source: hosted
    version: "0.9.0"
  cellsserver:
    description:
      path: "/home/ms/workspaceCellsPrototype/cellsweb/../cellsserver"
      relative: true
    source: path
    version: "0.0.0"
  crypto:
    description: crypto
    source: hosted
    version: "0.9.0"
  intl:
    description: intl
    source: hosted
    version: "0.9.0"
  logging:
    description: logging
    source: hosted
    version: "0.9.0"
  logging_handlers:
    description: logging_handlers
    source: hosted
    version: "0.8.0"
  path:
    description: path
    source: hosted
    version: "0.9.0"
  unmodifiable_collection:
    description: unmodifiable_collection
    source: hosted
    version: "0.9.0"
